
Microsoft Visual Studio Solution File, Format Version 12.00
# Visual Studio Version 16
VisualStudioVersion = 16.0.30804.86
MinimumVisualStudioVersion = 10.0.40219.1
Project("{FAE04EC0-301F-11D3-BF4B-00C04F79EFBC}") = "PTicTacToe", "PTicTacToe\PTicTacToe.csproj", "{1AD6C4F5-DF23-4257-BBBF-C04320F4CEDC}"
EndProject
Global
	GlobalSection(SolutionConfigurationPlatforms) = preSolution
		Debug|Any CPU = Debug|Any CPU
		Release|Any CPU = Release|Any CPU
	EndGlobalSection
	GlobalSection(ProjectConfigurationPlatforms) = postSolution
		{1AD6C4F5-DF23-4257-BBBF-C04320F4CEDC}.Debug|Any CPU.ActiveCfg = Debug|Any CPU
		{1AD6C4F5-DF23-4257-BBBF-C04320F4CEDC}.Debug|Any CPU.Build.0 = Debug|Any CPU
		{1AD6C4F5-DF23-4257-BBBF-C04320F4CEDC}.Release|Any CPU.ActiveCfg = Release|Any CPU
		{1AD6C4F5-DF23-4257-BBBF-C04320F4CEDC}.Release|Any CPU.Build.0 = Release|Any CPU
	EndGlobalSection
	GlobalSection(SolutionProperties) = preSolution
		HideSolutionNode = FALSE
	EndGlobalSection
	GlobalSection(ExtensibilityGlobals) = postSolution
		SolutionGuid = {1918DF87-784D-416E-92C8-2DA8C00B2FA8}
	EndGlobalSection
EndGlobal
